
Microsoft Visual Studio Solution File, Format Version 12.00
# Visual Studio Version 17
VisualStudioVersion = 17.3.32929.385
MinimumVisualStudioVersion = 10.0.40219.1
Project("{FAE04EC0-301F-11D3-BF4B-00C04F79EFBC}") = "project 2", "project 2.csproj", "{FA12F253-7301-43D2-8684-B07737C37510}"
EndProject
Global
	GlobalSection(SolutionConfigurationPlatforms) = preSolution
		Debug|Any CPU = Debug|Any CPU
		Release|Any CPU = Release|Any CPU
	EndGlobalSection
	GlobalSection(ProjectConfigurationPlatforms) = postSolution
		{FA12F253-7301-43D2-8684-B07737C37510}.Debug|Any CPU.ActiveCfg = Debug|Any CPU
		{FA12F253-7301-43D2-8684-B07737C37510}.Debug|Any CPU.Build.0 = Debug|Any CPU
		{FA12F253-7301-43D2-8684-B07737C37510}.Release|Any CPU.ActiveCfg = Release|Any CPU
		{FA12F253-7301-43D2-8684-B07737C37510}.Release|Any CPU.Build.0 = Release|Any CPU
	EndGlobalSection
	GlobalSection(SolutionProperties) = preSolution
		HideSolutionNode = FALSE
	EndGlobalSection
	GlobalSection(ExtensibilityGlobals) = postSolution
		SolutionGuid = {53D52CE4-E16A-4015-B1E1-2122E5A2133C}
	EndGlobalSection
EndGlobal
